
Microsoft Visual Studio Solution File, Format Version 12.00
# Visual Studio Version 17
VisualStudioVersion = 17.6.33829.357
MinimumVisualStudioVersion = 10.0.40219.1
Project("{FAE04EC0-301F-11D3-BF4B-00C04F79EFBC}") = "ZekLIB", "ZekLIB\ZekLIB.csproj", "{DCD64C3C-9E71-4AF7-A7C7-3ECD1E2E7F17}"
EndProject
Global
	GlobalSection(SolutionConfigurationPlatforms) = preSolution
		Debug|Any CPU = Debug|Any CPU
		Release|Any CPU = Release|Any CPU
	EndGlobalSection
	GlobalSection(ProjectConfigurationPlatforms) = postSolution
		{DCD64C3C-9E71-4AF7-A7C7-3ECD1E2E7F17}.Debug|Any CPU.ActiveCfg = Debug|Any CPU
		{DCD64C3C-9E71-4AF7-A7C7-3ECD1E2E7F17}.Debug|Any CPU.Build.0 = Debug|Any CPU
		{DCD64C3C-9E71-4AF7-A7C7-3ECD1E2E7F17}.Release|Any CPU.ActiveCfg = Release|Any CPU
		{DCD64C3C-9E71-4AF7-A7C7-3ECD1E2E7F17}.Release|Any CPU.Build.0 = Release|Any CPU
	EndGlobalSection
	GlobalSection(SolutionProperties) = preSolution
		HideSolutionNode = FALSE
	EndGlobalSection
	GlobalSection(ExtensibilityGlobals) = postSolution
		SolutionGuid = {8426953A-6AFF-4833-B752-2057E68390F8}
	EndGlobalSection
EndGlobal
